
Microsoft Visual Studio Solution File, Format Version 10.00
# Visual Studio 2008
Project("{FAE04EC0-301F-11D3-BF4B-00C04F79EFBC}") = "SpecExpress", "SpecExpress\SpecExpress.csproj", "{0A8DF7B2-EAFC-457B-93EF-EE3030ABAF46}"
EndProject
Project("{FAE04EC0-301F-11D3-BF4B-00C04F79EFBC}") = "SpecExpress.Test", "SpecExpressTest\SpecExpress.Test.csproj", "{78D20181-3C87-4DB2-AD31-1D17A159BC16}"
EndProject
Global
	GlobalSection(SolutionConfigurationPlatforms) = preSolution
		Debug|Any CPU = Debug|Any CPU
		Release|Any CPU = Release|Any CPU
	EndGlobalSection
	GlobalSection(ProjectConfigurationPlatforms) = postSolution
		{0A8DF7B2-EAFC-457B-93EF-EE3030ABAF46}.Debug|Any CPU.ActiveCfg = Debug|Any CPU
		{0A8DF7B2-EAFC-457B-93EF-EE3030ABAF46}.Debug|Any CPU.Build.0 = Debug|Any CPU
		{0A8DF7B2-EAFC-457B-93EF-EE3030ABAF46}.Release|Any CPU.ActiveCfg = Release|Any CPU
		{0A8DF7B2-EAFC-457B-93EF-EE3030ABAF46}.Release|Any CPU.Build.0 = Release|Any CPU
		{78D20181-3C87-4DB2-AD31-1D17A159BC16}.Debug|Any CPU.ActiveCfg = Debug|Any CPU
		{78D20181-3C87-4DB2-AD31-1D17A159BC16}.Debug|Any CPU.Build.0 = Debug|Any CPU
		{78D20181-3C87-4DB2-AD31-1D17A159BC16}.Release|Any CPU.ActiveCfg = Release|Any CPU
		{78D20181-3C87-4DB2-AD31-1D17A159BC16}.Release|Any CPU.Build.0 = Release|Any CPU
	EndGlobalSection
	GlobalSection(SolutionProperties) = preSolution
		HideSolutionNode = FALSE
	EndGlobalSection
EndGlobal
